Microsoft Visual Studio Solution File, Format Version 12.00
# Visual Studio 16
Project("{8BC9CEB8-8B4A-11D0-8D11-00A0C91BC942}") = "ALL_BUILD", "ALL_BUILD.vcxproj", "{D0C78D2B-B9E1-3C41-A611-6E977000D212}"
	ProjectSection(ProjectDependencies) = postProject
		{98770F91-0A77-3BCD-A996-BE4C7EBEA225} = {98770F91-0A77-3BCD-A996-BE4C7EBEA225}
		{36FDE1FD-F82E-3D20-BB46-423EF1CA92C7} = {36FDE1FD-F82E-3D20-BB46-423EF1CA92C7}
		{EEE97FC2-B275-3405-A45E-4F19A5CE0E48} = {EEE97FC2-B275-3405-A45E-4F19A5CE0E48}
		{328FC370-05C3-3659-A95A-0F14FEE257A7} = {328FC370-05C3-3659-A95A-0F14FEE257A7}
		{6451F248-DECF-3174-B80A-354B8E6D803F} = {6451F248-DECF-3174-B80A-354B8E6D803F}
		{DB2B5E30-A686-3BF6-BFA5-30CE4D36622F} = {DB2B5E30-A686-3BF6-BFA5-30CE4D36622F}
		{70BE68B8-2E90-32C9-949F-565A2596BC32} = {70BE68B8-2E90-32C9-949F-565A2596BC32}
		{B2D43296-E823-3D5E-8536-AA7744D1B07F} = {B2D43296-E823-3D5E-8536-AA7744D1B07F}
		{3DD76B48-8B7C-3D40-83A5-268842CACCB7} = {3DD76B48-8B7C-3D40-83A5-268842CACCB7}
		{36289B33-B8D3-31A7-83F6-F86251E47FAC} = {36289B33-B8D3-31A7-83F6-F86251E47FAC}
		{B158D897-82F8-3DA0-B002-AC5943026089} = {B158D897-82F8-3DA0-B002-AC5943026089}
	EndProjectSection
EndProject
Project("{8BC9CEB8-8B4A-11D0-8D11-00A0C91BC942}") = "INSTALL", "INSTALL.vcxproj", "{F7C43882-461F-3E28-9641-AABE3485239F}"
	ProjectSection(ProjectDependencies) = postProject
		{D0C78D2B-B9E1-3C41-A611-6E977000D212} = {D0C78D2B-B9E1-3C41-A611-6E977000D212}
		{98770F91-0A77-3BCD-A996-BE4C7EBEA225} = {98770F91-0A77-3BCD-A996-BE4C7EBEA225}
	EndProjectSection
EndProject
Project("{8BC9CEB8-8B4A-11D0-8D11-00A0C91BC942}") = "ZERO_CHECK", "ZERO_CHECK.vcxproj", "{98770F91-0A77-3BCD-A996-BE4C7EBEA225}"
	ProjectSection(ProjectDependencies) = postProject
	EndProjectSection
EndProject
Project("{8BC9CEB8-8B4A-11D0-8D11-00A0C91BC942}") = "check", "check.vcxproj", "{F9381A69-7E53-3840-B528-F163CF013EED}"
	ProjectSection(ProjectDependencies) = postProject
		{98770F91-0A77-3BCD-A996-BE4C7EBEA225} = {98770F91-0A77-3BCD-A996-BE4C7EBEA225}
		{36289B33-B8D3-31A7-83F6-F86251E47FAC} = {36289B33-B8D3-31A7-83F6-F86251E47FAC}
		{B158D897-82F8-3DA0-B002-AC5943026089} = {B158D897-82F8-3DA0-B002-AC5943026089}
	EndProjectSection
EndProject
Project("{8BC9CEB8-8B4A-11D0-8D11-00A0C91BC942}") = "gmock", "gmock.vcxproj", "{36FDE1FD-F82E-3D20-BB46-423EF1CA92C7}"
	ProjectSection(ProjectDependencies) = postProject
		{98770F91-0A77-3BCD-A996-BE4C7EBEA225} = {98770F91-0A77-3BCD-A996-BE4C7EBEA225}
	EndProjectSection
EndProject
Project("{8BC9CEB8-8B4A-11D0-8D11-00A0C91BC942}") = "gmock_main", "gmock_main.vcxproj", "{EEE97FC2-B275-3405-A45E-4F19A5CE0E48}"
	ProjectSection(ProjectDependencies) = postProject
		{98770F91-0A77-3BCD-A996-BE4C7EBEA225} = {98770F91-0A77-3BCD-A996-BE4C7EBEA225}
		{36FDE1FD-F82E-3D20-BB46-423EF1CA92C7} = {36FDE1FD-F82E-3D20-BB46-423EF1CA92C7}
	EndProjectSection
EndProject
Project("{8BC9CEB8-8B4A-11D0-8D11-00A0C91BC942}") = "libprotobuf", "libprotobuf.vcxproj", "{328FC370-05C3-3659-A95A-0F14FEE257A7}"
	ProjectSection(ProjectDependencies) = postProject
		{98770F91-0A77-3BCD-A996-BE4C7EBEA225} = {98770F91-0A77-3BCD-A996-BE4C7EBEA225}
	EndProjectSection
EndProject
Project("{8BC9CEB8-8B4A-11D0-8D11-00A0C91BC942}") = "libprotobuf-lite", "libprotobuf-lite.vcxproj", "{6451F248-DECF-3174-B80A-354B8E6D803F}"
	ProjectSection(ProjectDependencies) = postProject
		{98770F91-0A77-3BCD-A996-BE4C7EBEA225} = {98770F91-0A77-3BCD-A996-BE4C7EBEA225}
	EndProjectSection
EndProject
Project("{8BC9CEB8-8B4A-11D0-8D11-00A0C91BC942}") = "libprotoc", "libprotoc.vcxproj", "{DB2B5E30-A686-3BF6-BFA5-30CE4D36622F}"
	ProjectSection(ProjectDependencies) = postProject
		{98770F91-0A77-3BCD-A996-BE4C7EBEA225} = {98770F91-0A77-3BCD-A996-BE4C7EBEA225}
		{328FC370-05C3-3659-A95A-0F14FEE257A7} = {328FC370-05C3-3659-A95A-0F14FEE257A7}
	EndProjectSection
EndProject
Project("{8BC9CEB8-8B4A-11D0-8D11-00A0C91BC942}") = "lite-arena-test", "lite-arena-test.vcxproj", "{70BE68B8-2E90-32C9-949F-565A2596BC32}"
	ProjectSection(ProjectDependencies) = postProject
		{98770F91-0A77-3BCD-A996-BE4C7EBEA225} = {98770F91-0A77-3BCD-A996-BE4C7EBEA225}
		{36FDE1FD-F82E-3D20-BB46-423EF1CA92C7} = {36FDE1FD-F82E-3D20-BB46-423EF1CA92C7}
		{EEE97FC2-B275-3405-A45E-4F19A5CE0E48} = {EEE97FC2-B275-3405-A45E-4F19A5CE0E48}
		{6451F248-DECF-3174-B80A-354B8E6D803F} = {6451F248-DECF-3174-B80A-354B8E6D803F}
		{3DD76B48-8B7C-3D40-83A5-268842CACCB7} = {3DD76B48-8B7C-3D40-83A5-268842CACCB7}
	EndProjectSection
EndProject
Project("{8BC9CEB8-8B4A-11D0-8D11-00A0C91BC942}") = "lite-test", "lite-test.vcxproj", "{B2D43296-E823-3D5E-8536-AA7744D1B07F}"
	ProjectSection(ProjectDependencies) = postProject
		{98770F91-0A77-3BCD-A996-BE4C7EBEA225} = {98770F91-0A77-3BCD-A996-BE4C7EBEA225}
		{36FDE1FD-F82E-3D20-BB46-423EF1CA92C7} = {36FDE1FD-F82E-3D20-BB46-423EF1CA92C7}
		{EEE97FC2-B275-3405-A45E-4F19A5CE0E48} = {EEE97FC2-B275-3405-A45E-4F19A5CE0E48}
		{6451F248-DECF-3174-B80A-354B8E6D803F} = {6451F248-DECF-3174-B80A-354B8E6D803F}
		{3DD76B48-8B7C-3D40-83A5-268842CACCB7} = {3DD76B48-8B7C-3D40-83A5-268842CACCB7}
	EndProjectSection
EndProject
Project("{8BC9CEB8-8B4A-11D0-8D11-00A0C91BC942}") = "protoc", "protoc.vcxproj", "{3DD76B48-8B7C-3D40-83A5-268842CACCB7}"
	ProjectSection(ProjectDependencies) = postProject
		{98770F91-0A77-3BCD-A996-BE4C7EBEA225} = {98770F91-0A77-3BCD-A996-BE4C7EBEA225}
		{328FC370-05C3-3659-A95A-0F14FEE257A7} = {328FC370-05C3-3659-A95A-0F14FEE257A7}
		{DB2B5E30-A686-3BF6-BFA5-30CE4D36622F} = {DB2B5E30-A686-3BF6-BFA5-30CE4D36622F}
	EndProjectSection
EndProject
Project("{8BC9CEB8-8B4A-11D0-8D11-00A0C91BC942}") = "test_plugin", "test_plugin.vcxproj", "{36289B33-B8D3-31A7-83F6-F86251E47FAC}"
	ProjectSection(ProjectDependencies) = postProject
		{98770F91-0A77-3BCD-A996-BE4C7EBEA225} = {98770F91-0A77-3BCD-A996-BE4C7EBEA225}
		{36FDE1FD-F82E-3D20-BB46-423EF1CA92C7} = {36FDE1FD-F82E-3D20-BB46-423EF1CA92C7}
		{328FC370-05C3-3659-A95A-0F14FEE257A7} = {328FC370-05C3-3659-A95A-0F14FEE257A7}
		{DB2B5E30-A686-3BF6-BFA5-30CE4D36622F} = {DB2B5E30-A686-3BF6-BFA5-30CE4D36622F}
	EndProjectSection
EndProject
Project("{8BC9CEB8-8B4A-11D0-8D11-00A0C91BC942}") = "tests", "tests.vcxproj", "{B158D897-82F8-3DA0-B002-AC5943026089}"
	ProjectSection(ProjectDependencies) = postProject
		{98770F91-0A77-3BCD-A996-BE4C7EBEA225} = {98770F91-0A77-3BCD-A996-BE4C7EBEA225}
		{36FDE1FD-F82E-3D20-BB46-423EF1CA92C7} = {36FDE1FD-F82E-3D20-BB46-423EF1CA92C7}
		{EEE97FC2-B275-3405-A45E-4F19A5CE0E48} = {EEE97FC2-B275-3405-A45E-4F19A5CE0E48}
		{328FC370-05C3-3659-A95A-0F14FEE257A7} = {328FC370-05C3-3659-A95A-0F14FEE257A7}
		{DB2B5E30-A686-3BF6-BFA5-30CE4D36622F} = {DB2B5E30-A686-3BF6-BFA5-30CE4D36622F}
		{3DD76B48-8B7C-3D40-83A5-268842CACCB7} = {3DD76B48-8B7C-3D40-83A5-268842CACCB7}
	EndProjectSection
EndProject
Global
	GlobalSection(SolutionConfigurationPlatforms) = preSolution
		Debug|x64 = Debug|x64
		Release|x64 = Release|x64
		MinSizeRel|x64 = MinSizeRel|x64
		RelWithDebInfo|x64 = RelWithDebInfo|x64
	EndGlobalSection
	GlobalSection(ProjectConfigurationPlatforms) = postSolution
		{D0C78D2B-B9E1-3C41-A611-6E977000D212}.Debug|x64.ActiveCfg = Debug|x64
		{D0C78D2B-B9E1-3C41-A611-6E977000D212}.Debug|x64.Build.0 = Debug|x64
		{D0C78D2B-B9E1-3C41-A611-6E977000D212}.Release|x64.ActiveCfg = Release|x64
		{D0C78D2B-B9E1-3C41-A611-6E977000D212}.Release|x64.Build.0 = Release|x64
		{D0C78D2B-B9E1-3C41-A611-6E977000D212}.MinSizeRel|x64.ActiveCfg = MinSizeRel|x64
		{D0C78D2B-B9E1-3C41-A611-6E977000D212}.MinSizeRel|x64.Build.0 = MinSizeRel|x64
		{D0C78D2B-B9E1-3C41-A611-6E977000D212}.RelWithDebInfo|x64.ActiveCfg = RelWithDebInfo|x64
		{D0C78D2B-B9E1-3C41-A611-6E977000D212}.RelWithDebInfo|x64.Build.0 = RelWithDebInfo|x64
		{F7C43882-461F-3E28-9641-AABE3485239F}.Debug|x64.ActiveCfg = Debug|x64
		{F7C43882-461F-3E28-9641-AABE3485239F}.Release|x64.ActiveCfg = Release|x64
		{F7C43882-461F-3E28-9641-AABE3485239F}.MinSizeRel|x64.ActiveCfg = MinSizeRel|x64
		{F7C43882-461F-3E28-9641-AABE3485239F}.RelWithDebInfo|x64.ActiveCfg = RelWithDebInfo|x64
		{98770F91-0A77-3BCD-A996-BE4C7EBEA225}.Debug|x64.ActiveCfg = Debug|x64
		{98770F91-0A77-3BCD-A996-BE4C7EBEA225}.Debug|x64.Build.0 = Debug|x64
		{98770F91-0A77-3BCD-A996-BE4C7EBEA225}.Release|x64.ActiveCfg = Release|x64
		{98770F91-0A77-3BCD-A996-BE4C7EBEA225}.Release|x64.Build.0 = Release|x64
		{98770F91-0A77-3BCD-A996-BE4C7EBEA225}.MinSizeRel|x64.ActiveCfg = MinSizeRel|x64
		{98770F91-0A77-3BCD-A996-BE4C7EBEA225}.MinSizeRel|x64.Build.0 = MinSizeRel|x64
		{98770F91-0A77-3BCD-A996-BE4C7EBEA225}.RelWithDebInfo|x64.ActiveCfg = RelWithDebInfo|x64
		{98770F91-0A77-3BCD-A996-BE4C7EBEA225}.RelWithDebInfo|x64.Build.0 = RelWithDebInfo|x64
		{F9381A69-7E53-3840-B528-F163CF013EED}.Debug|x64.ActiveCfg = Debug|x64
		{F9381A69-7E53-3840-B528-F163CF013EED}.Release|x64.ActiveCfg = Release|x64
		{F9381A69-7E53-3840-B528-F163CF013EED}.MinSizeRel|x64.ActiveCfg = MinSizeRel|x64
		{F9381A69-7E53-3840-B528-F163CF013EED}.RelWithDebInfo|x64.ActiveCfg = RelWithDebInfo|x64
		{36FDE1FD-F82E-3D20-BB46-423EF1CA92C7}.Debug|x64.ActiveCfg = Debug|x64
		{36FDE1FD-F82E-3D20-BB46-423EF1CA92C7}.Debug|x64.Build.0 = Debug|x64
		{36FDE1FD-F82E-3D20-BB46-423EF1CA92C7}.Release|x64.ActiveCfg = Release|x64
		{36FDE1FD-F82E-3D20-BB46-423EF1CA92C7}.Release|x64.Build.0 = Release|x64
		{36FDE1FD-F82E-3D20-BB46-423EF1CA92C7}.MinSizeRel|x64.ActiveCfg = MinSizeRel|x64
		{36FDE1FD-F82E-3D20-BB46-423EF1CA92C7}.MinSizeRel|x64.Build.0 = MinSizeRel|x64
		{36FDE1FD-F82E-3D20-BB46-423EF1CA92C7}.RelWithDebInfo|x64.ActiveCfg = RelWithDebInfo|x64
		{36FDE1FD-F82E-3D20-BB46-423EF1CA92C7}.RelWithDebInfo|x64.Build.0 = RelWithDebInfo|x64
		{EEE97FC2-B275-3405-A45E-4F19A5CE0E48}.Debug|x64.ActiveCfg = Debug|x64
		{EEE97FC2-B275-3405-A45E-4F19A5CE0E48}.Debug|x64.Build.0 = Debug|x64
		{EEE97FC2-B275-3405-A45E-4F19A5CE0E48}.Release|x64.ActiveCfg = Release|x64
		{EEE97FC2-B275-3405-A45E-4F19A5CE0E48}.Release|x64.Build.0 = Release|x64
		{EEE97FC2-B275-3405-A45E-4F19A5CE0E48}.MinSizeRel|x64.ActiveCfg = MinSizeRel|x64
		{EEE97FC2-B275-3405-A45E-4F19A5CE0E48}.MinSizeRel|x64.Build.0 = MinSizeRel|x64
		{EEE97FC2-B275-3405-A45E-4F19A5CE0E48}.RelWithDebInfo|x64.ActiveCfg = RelWithDebInfo|x64
		{EEE97FC2-B275-3405-A45E-4F19A5CE0E48}.RelWithDebInfo|x64.Build.0 = RelWithDebInfo|x64
		{328FC370-05C3-3659-A95A-0F14FEE257A7}.Debug|x64.ActiveCfg = Debug|x64
		{328FC370-05C3-3659-A95A-0F14FEE257A7}.Debug|x64.Build.0 = Debug|x64
		{328FC370-05C3-3659-A95A-0F14FEE257A7}.Release|x64.ActiveCfg = Release|x64
		{328FC370-05C3-3659-A95A-0F14FEE257A7}.Release|x64.Build.0 = Release|x64
		{328FC370-05C3-3659-A95A-0F14FEE257A7}.MinSizeRel|x64.ActiveCfg = MinSizeRel|x64
		{328FC370-05C3-3659-A95A-0F14FEE257A7}.MinSizeRel|x64.Build.0 = MinSizeRel|x64
		{328FC370-05C3-3659-A95A-0F14FEE257A7}.RelWithDebInfo|x64.ActiveCfg = RelWithDebInfo|x64
		{328FC370-05C3-3659-A95A-0F14FEE257A7}.RelWithDebInfo|x64.Build.0 = RelWithDebInfo|x64
		{6451F248-DECF-3174-B80A-354B8E6D803F}.Debug|x64.ActiveCfg = Debug|x64
		{6451F248-DECF-3174-B80A-354B8E6D803F}.Debug|x64.Build.0 = Debug|x64
		{6451F248-DECF-3174-B80A-354B8E6D803F}.Release|x64.ActiveCfg = Release|x64
		{6451F248-DECF-3174-B80A-354B8E6D803F}.Release|x64.Build.0 = Release|x64
		{6451F248-DECF-3174-B80A-354B8E6D803F}.MinSizeRel|x64.ActiveCfg = MinSizeRel|x64
		{6451F248-DECF-3174-B80A-354B8E6D803F}.MinSizeRel|x64.Build.0 = MinSizeRel|x64
		{6451F248-DECF-3174-B80A-354B8E6D803F}.RelWithDebInfo|x64.ActiveCfg = RelWithDebInfo|x64
		{6451F248-DECF-3174-B80A-354B8E6D803F}.RelWithDebInfo|x64.Build.0 = RelWithDebInfo|x64
		{DB2B5E30-A686-3BF6-BFA5-30CE4D36622F}.Debug|x64.ActiveCfg = Debug|x64
		{DB2B5E30-A686-3BF6-BFA5-30CE4D36622F}.Debug|x64.Build.0 = Debug|x64
		{DB2B5E30-A686-3BF6-BFA5-30CE4D36622F}.Release|x64.ActiveCfg = Release|x64
		{DB2B5E30-A686-3BF6-BFA5-30CE4D36622F}.Release|x64.Build.0 = Release|x64
		{DB2B5E30-A686-3BF6-BFA5-30CE4D36622F}.MinSizeRel|x64.ActiveCfg = MinSizeRel|x64
		{DB2B5E30-A686-3BF6-BFA5-30CE4D36622F}.MinSizeRel|x64.Build.0 = MinSizeRel|x64
		{DB2B5E30-A686-3BF6-BFA5-30CE4D36622F}.RelWithDebInfo|x64.ActiveCfg = RelWithDebInfo|x64
		{DB2B5E30-A686-3BF6-BFA5-30CE4D36622F}.RelWithDebInfo|x64.Build.0 = RelWithDebInfo|x64
		{70BE68B8-2E90-32C9-949F-565A2596BC32}.Debug|x64.ActiveCfg = Debug|x64
		{70BE68B8-2E90-32C9-949F-565A2596BC32}.Debug|x64.Build.0 = Debug|x64
		{70BE68B8-2E90-32C9-949F-565A2596BC32}.Release|x64.ActiveCfg = Release|x64
		{70BE68B8-2E90-32C9-949F-565A2596BC32}.Release|x64.Build.0 = Release|x64
		{70BE68B8-2E90-32C9-949F-565A2596BC32}.MinSizeRel|x64.ActiveCfg = MinSizeRel|x64
		{70BE68B8-2E90-32C9-949F-565A2596BC32}.MinSizeRel|x64.Build.0 = MinSizeRel|x64
		{70BE68B8-2E90-32C9-949F-565A2596BC32}.RelWithDebInfo|x64.ActiveCfg = RelWithDebInfo|x64
		{70BE68B8-2E90-32C9-949F-565A2596BC32}.RelWithDebInfo|x64.Build.0 = RelWithDebInfo|x64
		{B2D43296-E823-3D5E-8536-AA7744D1B07F}.Debug|x64.ActiveCfg = Debug|x64
		{B2D43296-E823-3D5E-8536-AA7744D1B07F}.Debug|x64.Build.0 = Debug|x64
		{B2D43296-E823-3D5E-8536-AA7744D1B07F}.Release|x64.ActiveCfg = Release|x64
		{B2D43296-E823-3D5E-8536-AA7744D1B07F}.Release|x64.Build.0 = Release|x64
		{B2D43296-E823-3D5E-8536-AA7744D1B07F}.MinSizeRel|x64.ActiveCfg = MinSizeRel|x64
		{B2D43296-E823-3D5E-8536-AA7744D1B07F}.MinSizeRel|x64.Build.0 = MinSizeRel|x64
		{B2D43296-E823-3D5E-8536-AA7744D1B07F}.RelWithDebInfo|x64.ActiveCfg = RelWithDebInfo|x64
		{B2D43296-E823-3D5E-8536-AA7744D1B07F}.RelWithDebInfo|x64.Build.0 = RelWithDebInfo|x64
		{3DD76B48-8B7C-3D40-83A5-268842CACCB7}.Debug|x64.ActiveCfg = Debug|x64
		{3DD76B48-8B7C-3D40-83A5-268842CACCB7}.Debug|x64.Build.0 = Debug|x64
		{3DD76B48-8B7C-3D40-83A5-268842CACCB7}.Release|x64.ActiveCfg = Release|x64
		{3DD76B48-8B7C-3D40-83A5-268842CACCB7}.Release|x64.Build.0 = Release|x64
		{3DD76B48-8B7C-3D40-83A5-268842CACCB7}.MinSizeRel|x64.ActiveCfg = MinSizeRel|x64
		{3DD76B48-8B7C-3D40-83A5-268842CACCB7}.MinSizeRel|x64.Build.0 = MinSizeRel|x64
		{3DD76B48-8B7C-3D40-83A5-268842CACCB7}.RelWithDebInfo|x64.ActiveCfg = RelWithDebInfo|x64
		{3DD76B48-8B7C-3D40-83A5-268842CACCB7}.RelWithDebInfo|x64.Build.0 = RelWithDebInfo|x64
		{36289B33-B8D3-31A7-83F6-F86251E47FAC}.Debug|x64.ActiveCfg = Debug|x64
		{36289B33-B8D3-31A7-83F6-F86251E47FAC}.Debug|x64.Build.0 = Debug|x64
		{36289B33-B8D3-31A7-83F6-F86251E47FAC}.Release|x64.ActiveCfg = Release|x64
		{36289B33-B8D3-31A7-83F6-F86251E47FAC}.Release|x64.Build.0 = Release|x64
		{36289B33-B8D3-31A7-83F6-F86251E47FAC}.MinSizeRel|x64.ActiveCfg = MinSizeRel|x64
		{36289B33-B8D3-31A7-83F6-F86251E47FAC}.MinSizeRel|x64.Build.0 = MinSizeRel|x64
		{36289B33-B8D3-31A7-83F6-F86251E47FAC}.RelWithDebInfo|x64.ActiveCfg = RelWithDebInfo|x64
		{36289B33-B8D3-31A7-83F6-F86251E47FAC}.RelWithDebInfo|x64.Build.0 = RelWithDebInfo|x64
		{B158D897-82F8-3DA0-B002-AC5943026089}.Debug|x64.ActiveCfg = Debug|x64
		{B158D897-82F8-3DA0-B002-AC5943026089}.Debug|x64.Build.0 = Debug|x64
		{B158D897-82F8-3DA0-B002-AC5943026089}.Release|x64.ActiveCfg = Release|x64
		{B158D897-82F8-3DA0-B002-AC5943026089}.Release|x64.Build.0 = Release|x64
		{B158D897-82F8-3DA0-B002-AC5943026089}.MinSizeRel|x64.ActiveCfg = MinSizeRel|x64
		{B158D897-82F8-3DA0-B002-AC5943026089}.MinSizeRel|x64.Build.0 = MinSizeRel|x64
		{B158D897-82F8-3DA0-B002-AC5943026089}.RelWithDebInfo|x64.ActiveCfg = RelWithDebInfo|x64
		{B158D897-82F8-3DA0-B002-AC5943026089}.RelWithDebInfo|x64.Build.0 = RelWithDebInfo|x64
	EndGlobalSection
	GlobalSection(ExtensibilityGlobals) = postSolution
		SolutionGuid = {CB6758AE-C868-35A2-A2D5-B360631DE115}
	EndGlobalSection
	GlobalSection(ExtensibilityAddIns) = postSolution
	EndGlobalSection
EndGlobal
